
Microsoft Visual Studio Solution File, Format Version 12.00
# Visual Studio Version 17
VisualStudioVersion = 17.1.32421.90
MinimumVisualStudioVersion = 10.0.40219.1
Project("{FAE04EC0-301F-11D3-BF4B-00C04F79EFBC}") = "criar_arq_txt", "criar_arq_txt.csproj", "{D1701F0B-0511-4F9A-BBA4-0D6B1AAAFFF7}"
EndProject
Global
	GlobalSection(SolutionConfigurationPlatforms) = preSolution
		Debug|Any CPU = Debug|Any CPU
		Release|Any CPU = Release|Any CPU
	EndGlobalSection
	GlobalSection(ProjectConfigurationPlatforms) = postSolution
		{D1701F0B-0511-4F9A-BBA4-0D6B1AAAFFF7}.Debug|Any CPU.ActiveCfg = Debug|Any CPU
		{D1701F0B-0511-4F9A-BBA4-0D6B1AAAFFF7}.Debug|Any CPU.Build.0 = Debug|Any CPU
		{D1701F0B-0511-4F9A-BBA4-0D6B1AAAFFF7}.Release|Any CPU.ActiveCfg = Release|Any CPU
		{D1701F0B-0511-4F9A-BBA4-0D6B1AAAFFF7}.Release|Any CPU.Build.0 = Release|Any CPU
	EndGlobalSection
	GlobalSection(SolutionProperties) = preSolution
		HideSolutionNode = FALSE
	EndGlobalSection
	GlobalSection(ExtensibilityGlobals) = postSolution
		SolutionGuid = {0388A79F-B61D-4A79-A16D-6964353301EC}
	EndGlobalSection
EndGlobal
